
Microsoft Visual Studio Solution File, Format Version 12.00
# Visual Studio Version 16
VisualStudioVersion = 16.0.31624.102
MinimumVisualStudioVersion = 10.0.40219.1
Project("{FAE04EC0-301F-11D3-BF4B-00C04F79EFBC}") = "ModelProgrammLab1Classes", "ModelProgrammLab1Classes\ModelProgrammLab1Classes.csproj", "{FB3D17AE-6010-414B-A43C-77C4EF62E49E}"
EndProject
Project("{FAE04EC0-301F-11D3-BF4B-00C04F79EFBC}") = "ViewProgrammLab1Classes", "ViewProgrammLab1Classes\ViewProgrammLab1Classes.csproj", "{E7772C85-0C26-476A-BFE7-58CC6A8CAF8D}"
EndProject
Global
	GlobalSection(SolutionConfigurationPlatforms) = preSolution
		Debug|Any CPU = Debug|Any CPU
		Release|Any CPU = Release|Any CPU
	EndGlobalSection
	GlobalSection(ProjectConfigurationPlatforms) = postSolution
		{FB3D17AE-6010-414B-A43C-77C4EF62E49E}.Debug|Any CPU.ActiveCfg = Debug|Any CPU
		{FB3D17AE-6010-414B-A43C-77C4EF62E49E}.Debug|Any CPU.Build.0 = Debug|Any CPU
		{FB3D17AE-6010-414B-A43C-77C4EF62E49E}.Release|Any CPU.ActiveCfg = Release|Any CPU
		{FB3D17AE-6010-414B-A43C-77C4EF62E49E}.Release|Any CPU.Build.0 = Release|Any CPU
		{E7772C85-0C26-476A-BFE7-58CC6A8CAF8D}.Debug|Any CPU.ActiveCfg = Debug|Any CPU
		{E7772C85-0C26-476A-BFE7-58CC6A8CAF8D}.Debug|Any CPU.Build.0 = Debug|Any CPU
		{E7772C85-0C26-476A-BFE7-58CC6A8CAF8D}.Release|Any CPU.ActiveCfg = Release|Any CPU
		{E7772C85-0C26-476A-BFE7-58CC6A8CAF8D}.Release|Any CPU.Build.0 = Release|Any CPU
	EndGlobalSection
	GlobalSection(SolutionProperties) = preSolution
		HideSolutionNode = FALSE
	EndGlobalSection
	GlobalSection(ExtensibilityGlobals) = postSolution
		SolutionGuid = {F3A906D2-D40E-4D3F-A8E0-6C1196651529}
	EndGlobalSection
EndGlobal
