
Microsoft Visual Studio Solution File, Format Version 12.00
# Visual Studio Version 16
VisualStudioVersion = 16.0.31624.102
MinimumVisualStudioVersion = 10.0.40219.1
Project("{FAE04EC0-301F-11D3-BF4B-00C04F79EFBC}") = "ViewLab1Classes", "Lab1Classes\ViewLab1Classes.csproj", "{787A5ADB-95AF-4424-BAB4-738FBF7F2C0D}"
EndProject
Project("{FAE04EC0-301F-11D3-BF4B-00C04F79EFBC}") = "ModelLab1Classes", "ModelLab1Classes\ModelLab1Classes.csproj", "{B4FB8627-4667-4935-8C04-605D848865AB}"
EndProject
Global
	GlobalSection(SolutionConfigurationPlatforms) = preSolution
		Debug|Any CPU = Debug|Any CPU
		Release|Any CPU = Release|Any CPU
	EndGlobalSection
	GlobalSection(ProjectConfigurationPlatforms) = postSolution
		{787A5ADB-95AF-4424-BAB4-738FBF7F2C0D}.Debug|Any CPU.ActiveCfg = Debug|Any CPU
		{787A5ADB-95AF-4424-BAB4-738FBF7F2C0D}.Debug|Any CPU.Build.0 = Debug|Any CPU
		{787A5ADB-95AF-4424-BAB4-738FBF7F2C0D}.Release|Any CPU.ActiveCfg = Release|Any CPU
		{787A5ADB-95AF-4424-BAB4-738FBF7F2C0D}.Release|Any CPU.Build.0 = Release|Any CPU
		{B4FB8627-4667-4935-8C04-605D848865AB}.Debug|Any CPU.ActiveCfg = Debug|Any CPU
		{B4FB8627-4667-4935-8C04-605D848865AB}.Debug|Any CPU.Build.0 = Debug|Any CPU
		{B4FB8627-4667-4935-8C04-605D848865AB}.Release|Any CPU.ActiveCfg = Release|Any CPU
		{B4FB8627-4667-4935-8C04-605D848865AB}.Release|Any CPU.Build.0 = Release|Any CPU
	EndGlobalSection
	GlobalSection(SolutionProperties) = preSolution
		HideSolutionNode = FALSE
	EndGlobalSection
	GlobalSection(ExtensibilityGlobals) = postSolution
		SolutionGuid = {1059DCCD-4A82-4C34-8E32-148CF5686221}
	EndGlobalSection
EndGlobal
